lockfileVersion: '6.0'

settings:
  autoInstallPeers: true
  excludeLinksFromLockfile: false

devDependencies:
  '@aptos-labs/aptos-cli':
    specifier: latest
    version: 0.1.8

packages:

  /@aptos-labs/aptos-cli@0.1.8:
    resolution: {integrity: sha512-xSWDchqoDR4aR74xNoJZgOzIFtn+EKFGGFLG0vOb+6Ce8Jgg1Ui0Pqhvwbx6Z36dDxfKv0F4M7bnurvWpwAjXA==}
    hasBin: true
    dev: true
